// !$*UTF8*$!
{
	archiveVersion = 1;
	classes = {
	};
	objectVersion = 56;
	objects = {

/* Begin PBXBuildFile section */
		316A66ED29B68CB300501F50 /* LocationSchema.swift in Sources */ = {isa = PBXBuildFile; fileRef = 316A66EC29B68CB300501F50 /* LocationSchema.swift */; };
		316A66EF29B68ED400501F50 /* ViewModel.swift in Sources */ = {isa = PBXBuildFile; fileRef = 316A66EE29B68ED400501F50 /* ViewModel.swift */; };
		316A66F329B6BF6D00501F50 /* CharacterSchema.swift in Sources */ = {isa = PBXBuildFile; fileRef = 316A66F229B6BF6D00501F50 /* CharacterSchema.swift */; };
		3173A80F29B8002100E34251 /* CellView.swift in Sources */ = {isa = PBXBuildFile; fileRef = 3173A80E29B8002100E34251 /* CellView.swift */; };
		31B3B00A29B646C500970F74 /* RickAndMortyAppApp.swift in Sources */ = {isa = PBXBuildFile; fileRef = 31B3B00929B646C500970F74 /* RickAndMortyAppApp.swift */; };
		31B3B00C29B646C500970F74 /* ContentView.swift in Sources */ = {isa = PBXBuildFile; fileRef = 31B3B00B29B646C500970F74 /* ContentView.swift */; };
		31B3B00E29B646C600970F74 /* Assets.xcassets in Resources */ = {isa = PBXBuildFile; fileRef = 31B3B00D29B646C600970F74 /* Assets.xcassets */; };
		31B3B01129B646C600970F74 /* Preview Assets.xcassets in Resources */ = {isa = PBXBuildFile; fileRef = 31B3B01029B646C600970F74 /* Preview Assets.xcassets */; };
		31B3B01829B646FA00970F74 /* SplahScreenView.swift in Sources */ = {isa = PBXBuildFile; fileRef = 31B3B01729B646FA00970F74 /* SplahScreenView.swift */; };
		31B3B01A29B6472D00970F74 /* HomeView.swift in Sources */ = {isa = PBXBuildFile; fileRef = 31B3B01929B6472D00970F74 /* HomeView.swift */; };
		31B3B01C29B6473400970F74 /* DetailsView.swift in Sources */ = {isa = PBXBuildFile; fileRef = 31B3B01B29B6473400970F74 /* DetailsView.swift */; };
/* End PBXBuildFile section */

/* Begin PBXFileReference section */
		316A66EC29B68CB300501F50 /* LocationSchema.swift */ = {isa = PBXFileReference; lastKnownFileType = sourcecode.swift; path = LocationSchema.swift; sourceTree = "<group>"; };
		316A66EE29B68ED400501F50 /* ViewModel.swift */ = {isa = PBXFileReference; lastKnownFileType = sourcecode.swift; path = ViewModel.swift; sourceTree = "<group>"; };
		316A66F229B6BF6D00501F50 /* CharacterSchema.swift */ = {isa = PBXFileReference; lastKnownFileType = sourcecode.swift; path = CharacterSchema.swift; sourceTree = "<group>"; };
		3173A80E29B8002100E34251 /* CellView.swift */ = {isa = PBXFileReference; lastKnownFileType = sourcecode.swift; path = CellView.swift; sourceTree = "<group>"; };
		31B3B00629B646C500970F74 /* RickAndMortyApp.app */ = {isa = PBXFileReference; explicitFileType = wrapper.application; includeInIndex = 0; path = RickAndMortyApp.app; sourceTree = BUILT_PRODUCTS_DIR; };
		31B3B00929B646C500970F74 /* RickAndMortyAppApp.swift */ = {isa = PBXFileReference; lastKnownFileType = sourcecode.swift; path = RickAndMortyAppApp.swift; sourceTree = "<group>"; };
		31B3B00B29B646C500970F74 /* ContentView.swift */ = {isa = PBXFileReference; lastKnownFileType = sourcecode.swift; path = ContentView.swift; sourceTree = "<group>"; };
		31B3B00D29B646C600970F74 /* Assets.xcassets */ = {isa = PBXFileReference; lastKnownFileType = folder.assetcatalog; path = Assets.xcassets; sourceTree = "<group>"; };
		31B3B01029B646C600970F74 /* Preview Assets.xcassets */ = {isa = PBXFileReference; lastKnownFileType = folder.assetcatalog; path = "Preview Assets.xcassets"; sourceTree = "<group>"; };
		31B3B01729B646FA00970F74 /* SplahScreenView.swift */ = {isa = PBXFileReference; lastKnownFileType = sourcecode.swift; path = SplahScreenView.swift; sourceTree = "<group>"; };
		31B3B01929B6472D00970F74 /* HomeView.swift */ = {isa = PBXFileReference; lastKnownFileType = sourcecode.swift; path = HomeView.swift; sourceTree = "<group>"; };
		31B3B01B29B6473400970F74 /* DetailsView.swift */ = {isa = PBXFileReference; lastKnownFileType = sourcecode.swift; path = DetailsView.swift; sourceTree = "<group>"; };
/* End PBXFileReference section */

/* Begin PBXFrameworksBuildPhase section */
		31B3B00329B646C500970F74 /* Frameworks */ = {
			isa = PBXFrameworksBuildPhase;
			buildActionMask = 2147483647;
			files = (
			);
			runOnlyForDeploymentPostprocessing = 0;
		};
/* End PBXFrameworksBuildPhase section */

/* Begin PBXGroup section */
		3132977B29BAB47B008128A7 /* Schema */ = {
			isa = PBXGroup;
			children = (
				316A66EC29B68CB300501F50 /* LocationSchema.swift */,
				316A66F229B6BF6D00501F50 /* CharacterSchema.swift */,
			);
			path = Schema;
			sourceTree = "<group>";
		};
		3173A81029B8095E00E34251 /* Views */ = {
			isa = PBXGroup;
			children = (
				31B3B01729B646FA00970F74 /* SplahScreenView.swift */,
				31B3B01929B6472D00970F74 /* HomeView.swift */,
				3173A80E29B8002100E34251 /* CellView.swift */,
				31B3B01B29B6473400970F74 /* DetailsView.swift */,
			);
			path = Views;
			sourceTree = "<group>";
		};
		31B3AFFD29B646C500970F74 = {
			isa = PBXGroup;
			children = (
				31B3B00829B646C500970F74 /* RickAndMortyApp */,
				31B3B00729B646C500970F74 /* Products */,
			);
			sourceTree = "<group>";
		};
		31B3B00729B646C500970F74 /* Products */ = {
			isa = PBXGroup;
			children = (
				31B3B00629B646C500970F74 /* RickAndMortyApp.app */,
			);
			name = Products;
			sourceTree = "<group>";
		};
		31B3B00829B646C500970F74 /* RickAndMortyApp */ = {
			isa = PBXGroup;
			children = (
				3132977B29BAB47B008128A7 /* Schema */,
				3173A81029B8095E00E34251 /* Views */,
				31B3B00929B646C500970F74 /* RickAndMortyAppApp.swift */,
				31B3B00B29B646C500970F74 /* ContentView.swift */,
				316A66EE29B68ED400501F50 /* ViewModel.swift */,
				31B3B00D29B646C600970F74 /* Assets.xcassets */,
				31B3B00F29B646C600970F74 /* Preview Content */,
			);
			path = RickAndMortyApp;
			sourceTree = "<group>";
		};
		31B3B00F29B646C600970F74 /* Preview Content */ = {
			isa = PBXGroup;
			children = (
				31B3B01029B646C600970F74 /* Preview Assets.xcassets */,
			);
			path = "Preview Content";
			sourceTree = "<group>";
		};
/* End PBXGroup section */

/* Begin PBXNativeTarget section */
		31B3B00529B646C500970F74 /* RickAndMortyApp */ = {
			isa = PBXNativeTarget;
			buildConfigurationList = 31B3B01429B646C600970F74 /* Build configuration list for PBXNativeTarget "RickAndMortyApp" */;
			buildPhases = (
				31B3B00229B646C500970F74 /* Sources */,
				31B3B00329B646C500970F74 /* Frameworks */,
				31B3B00429B646C500970F74 /* Resources */,
			);
			buildRules = (
			);
			dependencies = (
			);
			name = RickAndMortyApp;
			productName = RickAndMortyApp;
			productReference = 31B3B00629B646C500970F74 /* RickAndMortyApp.app */;
			productType = "com.apple.product-type.application";
		};
/* End PBXNativeTarget section */

/* Begin PBXProject section */
		31B3AFFE29B646C500970F74 /* Project object */ = {
			isa = PBXProject;
			attributes = {
				BuildIndependentTargetsInParallel = 1;
				LastSwiftUpdateCheck = 1410;
				LastUpgradeCheck = 1410;
				TargetAttributes = {
					31B3B00529B646C500970F74 = {
						CreatedOnToolsVersion = 14.1;
					};
				};
			};
			buildConfigurationList = 31B3B00129B646C500970F74 /* Build configuration list for PBXProject "RickAndMortyApp" */;
			compatibilityVersion = "Xcode 14.0";
			developmentRegion = en;
			hasScannedForEncodings = 0;
			knownRegions = (
				en,
				Base,
			);
			mainGroup = 31B3AFFD29B646C500970F74;
			productRefGroup = 31B3B00729B646C500970F74 /* Products */;
			projectDirPath = "";
			projectRoot = "";
			targets = (
				31B3B00529B646C500970F74 /* RickAndMortyApp */,
			);
		};
/* End PBXProject section */

/* Begin PBXResourcesBuildPhase section */
		31B3B00429B646C500970F74 /* Resources */ = {
			isa = PBXResourcesBuildPhase;
			buildActionMask = 2147483647;
			files = (
				31B3B01129B646C600970F74 /* Preview Assets.xcassets in Resources */,
				31B3B00E29B646C600970F74 /* Assets.xcassets in Resources */,
			);
			runOnlyForDeploymentPostprocessing = 0;
		};
/* End PBXResourcesBuildPhase section */

/* Begin PBXSourcesBuildPhase section */
		31B3B00229B646C500970F74 /* Sources */ = {
			isa = PBXSourcesBuildPhase;
			buildActionMask = 2147483647;
			files = (
				31B3B00C29B646C500970F74 /* ContentView.swift in Sources */,
				316A66ED29B68CB300501F50 /* LocationSchema.swift in Sources */,
				31B3B01C29B6473400970F74 /* DetailsView.swift in Sources */,
				31B3B01A29B6472D00970F74 /* HomeView.swift in Sources */,
				31B3B00A29B646C500970F74 /* RickAndMortyAppApp.swift in Sources */,
				31B3B01829B646FA00970F74 /* SplahScreenView.swift in Sources */,
				316A66F329B6BF6D00501F50 /* CharacterSchema.swift in Sources */,
				316A66EF29B68ED400501F50 /* ViewModel.swift in Sources */,
				3173A80F29B8002100E34251 /* CellView.swift in Sources */,
			);
			runOnlyForDeploymentPostprocessing = 0;
		};
/* End PBXSourcesBuildPhase section */

/* Begin XCBuildConfiguration section */
		31B3B01229B646C600970F74 /* Debug */ = {
			isa = XCBuildConfiguration;
			buildSettings = {
				ALWAYS_SEARCH_USER_PATHS = NO;
				CLANG_ANALYZER_NONNULL = YES;
				CLANG_ANALYZER_NUMBER_OBJECT_CONVERSION = YES_AGGRESSIVE;
				CLANG_CXX_LANGUAGE_STANDARD = "gnu++20";
				CLANG_ENABLE_MODULES = YES;
				CLANG_ENABLE_OBJC_ARC = YES;
				CLANG_ENABLE_OBJC_WEAK = YES;
				CLANG_WARN_BLOCK_CAPTURE_AUTORELEASING = YES;
				CLANG_WARN_BOOL_CONVERSION = YES;
				CLANG_WARN_COMMA = YES;
				CLANG_WARN_CONSTANT_CONVERSION = YES;
				CLANG_WARN_DEPRECATED_OBJC_IMPLEMENTATIONS = YES;
				CLANG_WARN_DIRECT_OBJC_ISA_USAGE = YES_ERROR;
				CLANG_WARN_DOCUMENTATION_COMMENTS = YES;
				CLANG_WARN_EMPTY_BODY = YES;
				CLANG_WARN_ENUM_CONVERSION = YES;
				CLANG_WARN_INFINITE_RECURSION = YES;
				CLANG_WARN_INT_CONVERSION = YES;
				CLANG_WARN_NON_LITERAL_NULL_CONVERSION = YES;
				CLANG_WARN_OBJC_IMPLICIT_RETAIN_SELF = YES;
				CLANG_WARN_OBJC_LITERAL_CONVERSION = YES;
				CLANG_WARN_OBJC_ROOT_CLASS = YES_ERROR;
				CLANG_WARN_QUOTED_INCLUDE_IN_FRAMEWORK_HEADER = YES;
				CLANG_WARN_RANGE_LOOP_ANALYSIS = YES;
				CLANG_WARN_STRICT_PROTOTYPES = YES;
				CLANG_WARN_SUSPICIOUS_MOVE = YES;
				CLANG_WARN_UNGUARDED_AVAILABILITY = YES_AGGRESSIVE;
				CLANG_WARN_UNREACHABLE_CODE = YES;
				CLANG_WARN__DUPLICATE_METHOD_MATCH = YES;
				COPY_PHASE_STRIP = NO;
				DEBUG_INFORMATION_FORMAT = dwarf;
				ENABLE_STRICT_OBJC_MSGSEND = YES;
				ENABLE_TESTABILITY = YES;
				GCC_C_LANGUAGE_STANDARD = gnu11;
				GCC_DYNAMIC_NO_PIC = NO;
				GCC_NO_COMMON_BLOCKS = YES;
				GCC_OPTIMIZATION_LEVEL = 0;
				GCC_PREPROCESSOR_DEFINITIONS = (
					"DEBUG=1",
					"$(inherited)",
				);
				GCC_WARN_64_TO_32_BIT_CONVERSION = YES;
				GCC_WARN_ABOUT_RETURN_TYPE = YES_ERROR;
				GCC_WARN_UNDECLARED_SELECTOR = YES;
				GCC_WARN_UNINITIALIZED_AUTOS = YES_AGGRESSIVE;
				GCC_WARN_UNUSED_FUNCTION = YES;
				GCC_WARN_UNUSED_VARIABLE = YES;
				IPHONEOS_DEPLOYMENT_TARGET = 16.1;
				MTL_ENABLE_DEBUG_INFO = INCLUDE_SOURCE;
				MTL_FAST_MATH = YES;
				ONLY_ACTIVE_ARCH = YES;
				SDKROOT = iphoneos;
				SWIFT_ACTIVE_COMPILATION_CONDITIONS = DEBUG;
				SWIFT_OPTIMIZATION_LEVEL = "-Onone";
			};
			name = Debug;
		};
		31B3B01329B646C600970F74 /* Release */ = {
			isa = XCBuildConfiguration;
			buildSettings = {
				ALWAYS_SEARCH_USER_PATHS = NO;
				CLANG_ANALYZER_NONNULL = YES;
				CLANG_ANALYZER_NUMBER_OBJECT_CONVERSION = YES_AGGRESSIVE;
				CLANG_CXX_LANGUAGE_STANDARD = "gnu++20";
				CLANG_ENABLE_MODULES = YES;
				CLANG_ENABLE_OBJC_ARC = YES;
				CLANG_ENABLE_OBJC_WEAK = YES;
				CLANG_WARN_BLOCK_CAPTURE_AUTORELEASING = YES;
				CLANG_WARN_BOOL_CONVERSION = YES;
				CLANG_WARN_COMMA = YES;
				CLANG_WARN_CONSTANT_CONVERSION = YES;
				CLANG_WARN_DEPRECATED_OBJC_IMPLEMENTATIONS = YES;
				CLANG_WARN_DIRECT_OBJC_ISA_USAGE = YES_ERROR;
				CLANG_WARN_DOCUMENTATION_COMMENTS = YES;
				CLANG_WARN_EMPTY_BODY = YES;
				CLANG_WARN_ENUM_CONVERSION = YES;
				CLANG_WARN_INFINITE_RECURSION = YES;
				CLANG_WARN_INT_CONVERSION = YES;
				CLANG_WARN_NON_LITERAL_NULL_CONVERSION = YES;
				CLANG_WARN_OBJC_IMPLICIT_RETAIN_SELF = YES;
				CLANG_WARN_OBJC_LITERAL_CONVERSION = YES;
				CLANG_WARN_OBJC_ROOT_CLASS = YES_ERROR;
				CLANG_WARN_QUOTED_INCLUDE_IN_FRAMEWORK_HEADER = YES;
				CLANG_WARN_RANGE_LOOP_ANALYSIS = YES;
				CLANG_WARN_STRICT_PROTOTYPES = YES;
				CLANG_WARN_SUSPICIOUS_MOVE = YES;
				CLANG_WARN_UNGUARDED_AVAILABILITY = YES_AGGRESSIVE;
				CLANG_WARN_UNREACHABLE_CODE = YES;
				CLANG_WARN__DUPLICATE_METHOD_MATCH = YES;
				COPY_PHASE_STRIP = NO;
				DEBUG_INFORMATION_FORMAT = "dwarf-with-dsym";
				ENABLE_NS_ASSERTIONS = NO;
				ENABLE_STRICT_OBJC_MSGSEND = YES;
				GCC_C_LANGUAGE_STANDARD = gnu11;
				GCC_NO_COMMON_BLOCKS = YES;
				GCC_WARN_64_TO_32_BIT_CONVERSION = YES;
				GCC_WARN_ABOUT_RETURN_TYPE = YES_ERROR;
				GCC_WARN_UNDECLARED_SELECTOR = YES;
				GCC_WARN_UNINITIALIZED_AUTOS = YES_AGGRESSIVE;
				GCC_WARN_UNUSED_FUNCTION = YES;
				GCC_WARN_UNUSED_VARIABLE = YES;
				IPHONEOS_DEPLOYMENT_TARGET = 16.1;
				MTL_ENABLE_DEBUG_INFO = NO;
				MTL_FAST_MATH = YES;
				SDKROOT = iphoneos;
				SWIFT_COMPILATION_MODE = wholemodule;
				SWIFT_OPTIMIZATION_LEVEL = "-O";
				VALIDATE_PRODUCT = YES;
			};
			name = Release;
		};
		31B3B01529B646C600970F74 /* Debug */ = {
			isa = XCBuildConfiguration;
			buildSettings = {
				ASSETCATALOG_COMPILER_APPICON_NAME = AppIcon;
				ASSETCATALOG_COMPILER_GLOBAL_ACCENT_COLOR_NAME = AccentColor;
				CODE_SIGN_STYLE = Automatic;
				CURRENT_PROJECT_VERSION = 1;
				DEVELOPMENT_ASSET_PATHS = "\"RickAndMortyApp/Preview Content\"";
				DEVELOPMENT_TEAM = LD92982N8X;
				ENABLE_PREVIEWS = YES;
				GENERATE_INFOPLIST_FILE = YES;
				INFOPLIST_KEY_UIApplicationSceneManifest_Generation = YES;
				INFOPLIST_KEY_UIApplicationSupportsIndirectInputEvents = YES;
				INFOPLIST_KEY_UILaunchScreen_Generation = YES;
				INFOPLIST_KEY_UISupportedInterfaceOrientations_iPad = "UIInterfaceOrientationPortrait UIInterfaceOrientationPortraitUpsideDown UIInterfaceOrientationLandscapeLeft UIInterfaceOrientationLandscapeRight";
				INFOPLIST_KEY_UISupportedInterfaceOrientations_iPhone = "UIInterfaceOrientationPortrait UIInterfaceOrientationLandscapeLeft UIInterfaceOrientationLandscapeRight";
				LD_RUNPATH_SEARCH_PATHS = (
					"$(inherited)",
					"@executable_path/Frameworks",
				);
				MARKETING_VERSION = 1.0;
				PRODUCT_BUNDLE_IDENTIFIER = com.ozancicek.RickAndMortyApp;
				PRODUCT_NAME = "$(TARGET_NAME)";
				SWIFT_EMIT_LOC_STRINGS = YES;
				SWIFT_VERSION = 5.0;
				TARGETED_DEVICE_FAMILY = "1,2";
			};
			name = Debug;
		};
		31B3B01629B646C600970F74 /* Release */ = {
			isa = XCBuildConfiguration;
			buildSettings = {
				ASSETCATALOG_COMPILER_APPICON_NAME = AppIcon;
				ASSETCATALOG_COMPILER_GLOBAL_ACCENT_COLOR_NAME = AccentColor;
				CODE_SIGN_STYLE = Automatic;
				CURRENT_PROJECT_VERSION = 1;
				DEVELOPMENT_ASSET_PATHS = "\"RickAndMortyApp/Preview Content\"";
				DEVELOPMENT_TEAM = LD92982N8X;
				ENABLE_PREVIEWS = YES;
				GENERATE_INFOPLIST_FILE = YES;
				INFOPLIST_KEY_UIApplicationSceneManifest_Generation = YES;
				INFOPLIST_KEY_UIApplicationSupportsIndirectInputEvents = YES;
				INFOPLIST_KEY_UILaunchScreen_Generation = YES;
				INFOPLIST_KEY_UISupportedInterfaceOrientations_iPad = "UIInterfaceOrientationPortrait UIInterfaceOrientationPortraitUpsideDown UIInterfaceOrientationLandscapeLeft UIInterfaceOrientationLandscapeRight";
				INFOPLIST_KEY_UISupportedInterfaceOrientations_iPhone = "UIInterfaceOrientationPortrait UIInterfaceOrientationLandscapeLeft UIInterfaceOrientationLandscapeRight";
				LD_RUNPATH_SEARCH_PATHS = (
					"$(inherited)",
					"@executable_path/Frameworks",
				);
				MARKETING_VERSION = 1.0;
				PRODUCT_BUNDLE_IDENTIFIER = com.ozancicek.RickAndMortyApp;
				PRODUCT_NAME = "$(TARGET_NAME)";
				SWIFT_EMIT_LOC_STRINGS = YES;
				SWIFT_VERSION = 5.0;
				TARGETED_DEVICE_FAMILY = "1,2";
			};
			name = Release;
		};
/* End XCBuildConfiguration section */

/* Begin XCConfigurationList section */
		31B3B00129B646C500970F74 /* Build configuration list for PBXProject "RickAndMortyApp" */ = {
			isa = XCConfigurationList;
			buildConfigurations = (
				31B3B01229B646C600970F74 /* Debug */,
				31B3B01329B646C600970F74 /* Release */,
			);
			defaultConfigurationIsVisible = 0;
			defaultConfigurationName = Release;
		};
		31B3B01429B646C600970F74 /* Build configuration list for PBXNativeTarget "RickAndMortyApp" */ = {
			isa = XCConfigurationList;
			buildConfigurations = (
				31B3B01529B646C600970F74 /* Debug */,
				31B3B01629B646C600970F74 /* Release */,
			);
			defaultConfigurationIsVisible = 0;
			defaultConfigurationName = Release;
		};
/* End XCConfigurationList section */
	};
	rootObject = 31B3AFFE29B646C500970F74 /* Project object */;
}
